
Microsoft Visual Studio Solution File, Format Version 12.00
# Visual Studio Version 17
VisualStudioVersion = 17.7.34024.191
MinimumVisualStudioVersion = 10.0.40219.1
Project("{FAE04EC0-301F-11D3-BF4B-00C04F79EFBC}") = "PROJECT", "PROJECT.csproj", "{3181D4D3-36D1-4B51-8AFD-6463065E4C86}"
EndProject
Project("{FAE04EC0-301F-11D3-BF4B-00C04F79EFBC}") = "MVC_2.BLL", "..\MVC_2.BLL\MVC_2.BLL.csproj", "{31F9EF50-08F8-4887-8029-D2802286BE1F}"
EndProject
Project("{FAE04EC0-301F-11D3-BF4B-00C04F79EFBC}") = "MVC_2.DAL", "..\MVC_2.DAL\MVC_2.DAL.csproj", "{AB5BBA52-C0E1-421C-A75A-E4CB05F97EBC}"
EndProject
Global
	GlobalSection(SolutionConfigurationPlatforms) = preSolution
		Debug|Any CPU = Debug|Any CPU
		Release|Any CPU = Release|Any CPU
	EndGlobalSection
	GlobalSection(ProjectConfigurationPlatforms) = postSolution
		{3181D4D3-36D1-4B51-8AFD-6463065E4C86}.Debug|Any CPU.ActiveCfg = Debug|Any CPU
		{3181D4D3-36D1-4B51-8AFD-6463065E4C86}.Debug|Any CPU.Build.0 = Debug|Any CPU
		{3181D4D3-36D1-4B51-8AFD-6463065E4C86}.Release|Any CPU.ActiveCfg = Release|Any CPU
		{3181D4D3-36D1-4B51-8AFD-6463065E4C86}.Release|Any CPU.Build.0 = Release|Any CPU
		{31F9EF50-08F8-4887-8029-D2802286BE1F}.Debug|Any CPU.ActiveCfg = Debug|Any CPU
		{31F9EF50-08F8-4887-8029-D2802286BE1F}.Debug|Any CPU.Build.0 = Debug|Any CPU
		{31F9EF50-08F8-4887-8029-D2802286BE1F}.Release|Any CPU.ActiveCfg = Release|Any CPU
		{31F9EF50-08F8-4887-8029-D2802286BE1F}.Release|Any CPU.Build.0 = Release|Any CPU
		{AB5BBA52-C0E1-421C-A75A-E4CB05F97EBC}.Debug|Any CPU.ActiveCfg = Debug|Any CPU
		{AB5BBA52-C0E1-421C-A75A-E4CB05F97EBC}.Debug|Any CPU.Build.0 = Debug|Any CPU
		{AB5BBA52-C0E1-421C-A75A-E4CB05F97EBC}.Release|Any CPU.ActiveCfg = Release|Any CPU
		{AB5BBA52-C0E1-421C-A75A-E4CB05F97EBC}.Release|Any CPU.Build.0 = Release|Any CPU
	EndGlobalSection
	GlobalSection(SolutionProperties) = preSolution
		HideSolutionNode = FALSE
	EndGlobalSection
	GlobalSection(ExtensibilityGlobals) = postSolution
		SolutionGuid = {5476D8CF-8C08-4B7A-84F9-846DEBFB06C7}
	EndGlobalSection
EndGlobal
